// !$*UTF8*$!
{
	archiveVersion = 1;
	classes = {
	};
	objectVersion = 55;
	objects = {

/* Begin PBXBuildFile section */
		F1EFF85D2719CA3C00D5F654 /* AppDelegate.swift in Sources */ = {isa = PBXBuildFile; fileRef = F1EFF85C2719CA3C00D5F654 /* AppDelegate.swift */; };
		F1EFF85F2719CA3C00D5F654 /* SceneDelegate.swift in Sources */ = {isa = PBXBuildFile; fileRef = F1EFF85E2719CA3C00D5F654 /* SceneDelegate.swift */; };
		F1EFF8612719CA3C00D5F654 /* ViewController.swift in Sources */ = {isa = PBXBuildFile; fileRef = F1EFF8602719CA3C00D5F654 /* ViewController.swift */; };
		F1EFF8642719CA3C00D5F654 /* Main.storyboard in Resources */ = {isa = PBXBuildFile; fileRef = F1EFF8622719CA3C00D5F654 /* Main.storyboard */; };
		F1EFF8672719CA3C00D5F654 /* News.xcdatamodeld in Sources */ = {isa = PBXBuildFile; fileRef = F1EFF8652719CA3C00D5F654 /* News.xcdatamodeld */; };
		F1EFF8692719CA3E00D5F654 /* Assets.xcassets in Resources */ = {isa = PBXBuildFile; fileRef = F1EFF8682719CA3E00D5F654 /* Assets.xcassets */; };
		F1EFF86C2719CA3E00D5F654 /* LaunchScreen.storyboard in Resources */ = {isa = PBXBuildFile; fileRef = F1EFF86A2719CA3E00D5F654 /* LaunchScreen.storyboard */; };
		F1EFF8772719CA3E00D5F654 /* NewsTests.swift in Sources */ = {isa = PBXBuildFile; fileRef = F1EFF8762719CA3E00D5F654 /* NewsTests.swift */; };
		F1EFF8812719CA3E00D5F654 /* NewsUITests.swift in Sources */ = {isa = PBXBuildFile; fileRef = F1EFF8802719CA3E00D5F654 /* NewsUITests.swift */; };
		F1EFF8832719CA3E00D5F654 /* NewsUITestsLaunchTests.swift in Sources */ = {isa = PBXBuildFile; fileRef = F1EFF8822719CA3E00D5F654 /* NewsUITestsLaunchTests.swift */; };
/* End PBXBuildFile section */

/* Begin PBXContainerItemProxy section */
		F1EFF8732719CA3E00D5F654 /* PBXContainerItemProxy */ = {
			isa = PBXContainerItemProxy;
			containerPortal = F1EFF8512719CA3C00D5F654 /* Project object */;
			proxyType = 1;
			remoteGlobalIDString = F1EFF8582719CA3C00D5F654;
			remoteInfo = News;
		};
		F1EFF87D2719CA3E00D5F654 /* PBXContainerItemProxy */ = {
			isa = PBXContainerItemProxy;
			containerPortal = F1EFF8512719CA3C00D5F654 /* Project object */;
			proxyType = 1;
			remoteGlobalIDString = F1EFF8582719CA3C00D5F654;
			remoteInfo = News;
		};
/* End PBXContainerItemProxy section */

/* Begin PBXFileReference section */
		F1EFF8592719CA3C00D5F654 /* News.app */ = {isa = PBXFileReference; explicitFileType = wrapper.application; includeInIndex = 0; path = News.app; sourceTree = BUILT_PRODUCTS_DIR; };
		F1EFF85C2719CA3C00D5F654 /* AppDelegate.swift */ = {isa = PBXFileReference; lastKnownFileType = sourcecode.swift; path = AppDelegate.swift; sourceTree = "<group>"; };
		F1EFF85E2719CA3C00D5F654 /* SceneDelegate.swift */ = {isa = PBXFileReference; lastKnownFileType = sourcecode.swift; path = SceneDelegate.swift; sourceTree = "<group>"; };
		F1EFF8602719CA3C00D5F654 /* ViewController.swift */ = {isa = PBXFileReference; lastKnownFileType = sourcecode.swift; path = ViewController.swift; sourceTree = "<group>"; };
		F1EFF8632719CA3C00D5F654 /* Base */ = {isa = PBXFileReference; lastKnownFileType = file.storyboard; name = Base; path = Base.lproj/Main.storyboard; sourceTree = "<group>"; };
		F1EFF8662719CA3C00D5F654 /* News.xcdatamodel */ = {isa = PBXFileReference; lastKnownFileType = wrapper.xcdatamodel; path = News.xcdatamodel; sourceTree = "<group>"; };
		F1EFF8682719CA3E00D5F654 /* Assets.xcassets */ = {isa = PBXFileReference; lastKnownFileType = folder.assetcatalog; path = Assets.xcassets; sourceTree = "<group>"; };
		F1EFF86B2719CA3E00D5F654 /* Base */ = {isa = PBXFileReference; lastKnownFileType = file.storyboard; name = Base; path = Base.lproj/LaunchScreen.storyboard; sourceTree = "<group>"; };
		F1EFF86D2719CA3E00D5F654 /* Info.plist */ = {isa = PBXFileReference; lastKnownFileType = text.plist.xml; path = Info.plist; sourceTree = "<group>"; };
		F1EFF8722719CA3E00D5F654 /* NewsTests.xctest */ = {isa = PBXFileReference; explicitFileType = wrapper.cfbundle; includeInIndex = 0; path = NewsTests.xctest; sourceTree = BUILT_PRODUCTS_DIR; };
		F1EFF8762719CA3E00D5F654 /* NewsTests.swift */ = {isa = PBXFileReference; lastKnownFileType = sourcecode.swift; path = NewsTests.swift; sourceTree = "<group>"; };
		F1EFF87C2719CA3E00D5F654 /* NewsUITests.xctest */ = {isa = PBXFileReference; explicitFileType = wrapper.cfbundle; includeInIndex = 0; path = NewsUITests.xctest; sourceTree = BUILT_PRODUCTS_DIR; };
		F1EFF8802719CA3E00D5F654 /* NewsUITests.swift */ = {isa = PBXFileReference; lastKnownFileType = sourcecode.swift; path = NewsUITests.swift; sourceTree = "<group>"; };
		F1EFF8822719CA3E00D5F654 /* NewsUITestsLaunchTests.swift */ = {isa = PBXFileReference; lastKnownFileType = sourcecode.swift; path = NewsUITestsLaunchTests.swift; sourceTree = "<group>"; };
/* End PBXFileReference section */

/* Begin PBXFrameworksBuildPhase section */
		F1EFF8562719CA3C00D5F654 /* Frameworks */ = {
			isa = PBXFrameworksBuildPhase;
			buildActionMask = 2147483647;
			files = (
			);
			runOnlyForDeploymentPostprocessing = 0;
		};
		F1EFF86F2719CA3E00D5F654 /* Frameworks */ = {
			isa = PBXFrameworksBuildPhase;
			buildActionMask = 2147483647;
			files = (
			);
			runOnlyForDeploymentPostprocessing = 0;
		};
		F1EFF8792719CA3E00D5F654 /* Frameworks */ = {
			isa = PBXFrameworksBuildPhase;
			buildActionMask = 2147483647;
			files = (
			);
			runOnlyForDeploymentPostprocessing = 0;
		};
/* End PBXFrameworksBuildPhase section */

/* Begin PBXGroup section */
		F1EFF8502719CA3C00D5F654 = {
			isa = PBXGroup;
			children = (
				F1EFF85B2719CA3C00D5F654 /* News */,
				F1EFF8752719CA3E00D5F654 /* NewsTests */,
				F1EFF87F2719CA3E00D5F654 /* NewsUITests */,
				F1EFF85A2719CA3C00D5F654 /* Products */,
			);
			sourceTree = "<group>";
		};
		F1EFF85A2719CA3C00D5F654 /* Products */ = {
			isa = PBXGroup;
			children = (
				F1EFF8592719CA3C00D5F654 /* News.app */,
				F1EFF8722719CA3E00D5F654 /* NewsTests.xctest */,
				F1EFF87C2719CA3E00D5F654 /* NewsUITests.xctest */,
			);
			name = Products;
			sourceTree = "<group>";
		};
		F1EFF85B2719CA3C00D5F654 /* News */ = {
			isa = PBXGroup;
			children = (
				F1EFF85C2719CA3C00D5F654 /* AppDelegate.swift */,
				F1EFF85E2719CA3C00D5F654 /* SceneDelegate.swift */,
				F1EFF8602719CA3C00D5F654 /* ViewController.swift */,
				F1EFF8622719CA3C00D5F654 /* Main.storyboard */,
				F1EFF8682719CA3E00D5F654 /* Assets.xcassets */,
				F1EFF86A2719CA3E00D5F654 /* LaunchScreen.storyboard */,
				F1EFF86D2719CA3E00D5F654 /* Info.plist */,
				F1EFF8652719CA3C00D5F654 /* News.xcdatamodeld */,
			);
			path = News;
			sourceTree = "<group>";
		};
		F1EFF8752719CA3E00D5F654 /* NewsTests */ = {
			isa = PBXGroup;
			children = (
				F1EFF8762719CA3E00D5F654 /* NewsTests.swift */,
			);
			path = NewsTests;
			sourceTree = "<group>";
		};
		F1EFF87F2719CA3E00D5F654 /* NewsUITests */ = {
			isa = PBXGroup;
			children = (
				F1EFF8802719CA3E00D5F654 /* NewsUITests.swift */,
				F1EFF8822719CA3E00D5F654 /* NewsUITestsLaunchTests.swift */,
			);
			path = NewsUITests;
			sourceTree = "<group>";
		};
/* End PBXGroup section */

/* Begin PBXNativeTarget section */
		F1EFF8582719CA3C00D5F654 /* News */ = {
			isa = PBXNativeTarget;
			buildConfigurationList = F1EFF8862719CA3E00D5F654 /* Build configuration list for PBXNativeTarget "News" */;
			buildPhases = (
				F1EFF8552719CA3C00D5F654 /* Sources */,
				F1EFF8562719CA3C00D5F654 /* Frameworks */,
				F1EFF8572719CA3C00D5F654 /* Resources */,
			);
			buildRules = (
			);
			dependencies = (
			);
			name = News;
			productName = News;
			productReference = F1EFF8592719CA3C00D5F654 /* News.app */;
			productType = "com.apple.product-type.application";
		};
		F1EFF8712719CA3E00D5F654 /* NewsTests */ = {
			isa = PBXNativeTarget;
			buildConfigurationList = F1EFF8892719CA3E00D5F654 /* Build configuration list for PBXNativeTarget "NewsTests" */;
			buildPhases = (
				F1EFF86E2719CA3E00D5F654 /* Sources */,
				F1EFF86F2719CA3E00D5F654 /* Frameworks */,
				F1EFF8702719CA3E00D5F654 /* Resources */,
			);
			buildRules = (
			);
			dependencies = (
				F1EFF8742719CA3E00D5F654 /* PBXTargetDependency */,
			);
			name = NewsTests;
			productName = NewsTests;
			productReference = F1EFF8722719CA3E00D5F654 /* NewsTests.xctest */;
			productType = "com.apple.product-type.bundle.unit-test";
		};
		F1EFF87B2719CA3E00D5F654 /* NewsUITests */ = {
			isa = PBXNativeTarget;
			buildConfigurationList = F1EFF88C2719CA3E00D5F654 /* Build configuration list for PBXNativeTarget "NewsUITests" */;
			buildPhases = (
				F1EFF8782719CA3E00D5F654 /* Sources */,
				F1EFF8792719CA3E00D5F654 /* Frameworks */,
				F1EFF87A2719CA3E00D5F654 /* Resources */,
			);
			buildRules = (
			);
			dependencies = (
				F1EFF87E2719CA3E00D5F654 /* PBXTargetDependency */,
			);
			name = NewsUITests;
			productName = NewsUITests;
			productReference = F1EFF87C2719CA3E00D5F654 /* NewsUITests.xctest */;
			productType = "com.apple.product-type.bundle.ui-testing";
		};
/* End PBXNativeTarget section */

/* Begin PBXProject section */
		F1EFF8512719CA3C00D5F654 /* Project object */ = {
			isa = PBXProject;
			attributes = {
				BuildIndependentTargetsInParallel = 1;
				LastSwiftUpdateCheck = 1300;
				LastUpgradeCheck = 1300;
				TargetAttributes = {
					F1EFF8582719CA3C00D5F654 = {
						CreatedOnToolsVersion = 13.0;
					};
					F1EFF8712719CA3E00D5F654 = {
						CreatedOnToolsVersion = 13.0;
						TestTargetID = F1EFF8582719CA3C00D5F654;
					};
					F1EFF87B2719CA3E00D5F654 = {
						CreatedOnToolsVersion = 13.0;
						TestTargetID = F1EFF8582719CA3C00D5F654;
					};
				};
			};
			buildConfigurationList = F1EFF8542719CA3C00D5F654 /* Build configuration list for PBXProject "News" */;
			compatibilityVersion = "Xcode 13.0";
			developmentRegion = en;
			hasScannedForEncodings = 0;
			knownRegions = (
				en,
				Base,
			);
			mainGroup = F1EFF8502719CA3C00D5F654;
			productRefGroup = F1EFF85A2719CA3C00D5F654 /* Products */;
			projectDirPath = "";
			projectRoot = "";
			targets = (
				F1EFF8582719CA3C00D5F654 /* News */,
				F1EFF8712719CA3E00D5F654 /* NewsTests */,
				F1EFF87B2719CA3E00D5F654 /* NewsUITests */,
			);
		};
/* End PBXProject section */

/* Begin PBXResourcesBuildPhase section */
		F1EFF8572719CA3C00D5F654 /* Resources */ = {
			isa = PBXResourcesBuildPhase;
			buildActionMask = 2147483647;
			files = (
				F1EFF86C2719CA3E00D5F654 /* LaunchScreen.storyboard in Resources */,
				F1EFF8692719CA3E00D5F654 /* Assets.xcassets in Resources */,
				F1EFF8642719CA3C00D5F654 /* Main.storyboard in Resources */,
			);
			runOnlyForDeploymentPostprocessing = 0;
		};
		F1EFF8702719CA3E00D5F654 /* Resources */ = {
			isa = PBXResourcesBuildPhase;
			buildActionMask = 2147483647;
			files = (
			);
			runOnlyForDeploymentPostprocessing = 0;
		};
		F1EFF87A2719CA3E00D5F654 /* Resources */ = {
			isa = PBXResourcesBuildPhase;
			buildActionMask = 2147483647;
			files = (
			);
			runOnlyForDeploymentPostprocessing = 0;
		};
/* End PBXResourcesBuildPhase section */

/* Begin PBXSourcesBuildPhase section */
		F1EFF8552719CA3C00D5F654 /* Sources */ = {
			isa = PBXSourcesBuildPhase;
			buildActionMask = 2147483647;
			files = (
				F1EFF8612719CA3C00D5F654 /* ViewController.swift in Sources */,
				F1EFF85D2719CA3C00D5F654 /* AppDelegate.swift in Sources */,
				F1EFF8672719CA3C00D5F654 /* News.xcdatamodeld in Sources */,
				F1EFF85F2719CA3C00D5F654 /* SceneDelegate.swift in Sources */,
			);
			runOnlyForDeploymentPostprocessing = 0;
		};
		F1EFF86E2719CA3E00D5F654 /* Sources */ = {
			isa = PBXSourcesBuildPhase;
			buildActionMask = 2147483647;
			files = (
				F1EFF8772719CA3E00D5F654 /* NewsTests.swift in Sources */,
			);
			runOnlyForDeploymentPostprocessing = 0;
		};
		F1EFF8782719CA3E00D5F654 /* Sources */ = {
			isa = PBXSourcesBuildPhase;
			buildActionMask = 2147483647;
			files = (
				F1EFF8812719CA3E00D5F654 /* NewsUITests.swift in Sources */,
				F1EFF8832719CA3E00D5F654 /* NewsUITestsLaunchTests.swift in Sources */,
			);
			runOnlyForDeploymentPostprocessing = 0;
		};
/* End PBXSourcesBuildPhase section */

/* Begin PBXTargetDependency section */
		F1EFF8742719CA3E00D5F654 /* PBXTargetDependency */ = {
			isa = PBXTargetDependency;
			target = F1EFF8582719CA3C00D5F654 /* News */;
			targetProxy = F1EFF8732719CA3E00D5F654 /* PBXContainerItemProxy */;
		};
		F1EFF87E2719CA3E00D5F654 /* PBXTargetDependency */ = {
			isa = PBXTargetDependency;
			target = F1EFF8582719CA3C00D5F654 /* News */;
			targetProxy = F1EFF87D2719CA3E00D5F654 /* PBXContainerItemProxy */;
		};
/* End PBXTargetDependency section */

/* Begin PBXVariantGroup section */
		F1EFF8622719CA3C00D5F654 /* Main.storyboard */ = {
			isa = PBXVariantGroup;
			children = (
				F1EFF8632719CA3C00D5F654 /* Base */,
			);
			name = Main.storyboard;
			sourceTree = "<group>";
		};
		F1EFF86A2719CA3E00D5F654 /* LaunchScreen.storyboard */ = {
			isa = PBXVariantGroup;
			children = (
				F1EFF86B2719CA3E00D5F654 /* Base */,
			);
			name = LaunchScreen.storyboard;
			sourceTree = "<group>";
		};
/* End PBXVariantGroup section */

/* Begin XCBuildConfiguration section */
		F1EFF8842719CA3E00D5F654 /* Debug */ = {
			isa = XCBuildConfiguration;
			buildSettings = {
				ALWAYS_SEARCH_USER_PATHS = NO;
				CLANG_ANALYZER_NONNULL = YES;
				CLANG_ANALYZER_NUMBER_OBJECT_CONVERSION = YES_AGGRESSIVE;
				CLANG_CXX_LANGUAGE_STANDARD = "gnu++17";
				CLANG_CXX_LIBRARY = "libc++";
				CLANG_ENABLE_MODULES = YES;
				CLANG_ENABLE_OBJC_ARC = YES;
				CLANG_ENABLE_OBJC_WEAK = YES;
				CLANG_WARN_BLOCK_CAPTURE_AUTORELEASING = YES;
				CLANG_WARN_BOOL_CONVERSION = YES;
				CLANG_WARN_COMMA = YES;
				CLANG_WARN_CONSTANT_CONVERSION = YES;
				CLANG_WARN_DEPRECATED_OBJC_IMPLEMENTATIONS = YES;
				CLANG_WARN_DIRECT_OBJC_ISA_USAGE = YES_ERROR;
				CLANG_WARN_DOCUMENTATION_COMMENTS = YES;
				CLANG_WARN_EMPTY_BODY = YES;
				CLANG_WARN_ENUM_CONVERSION = YES;
				CLANG_WARN_INFINITE_RECURSION = YES;
				CLANG_WARN_INT_CONVERSION = YES;
				CLANG_WARN_NON_LITERAL_NULL_CONVERSION = YES;
				CLANG_WARN_OBJC_IMPLICIT_RETAIN_SELF = YES;
				CLANG_WARN_OBJC_LITERAL_CONVERSION = YES;
				CLANG_WARN_OBJC_ROOT_CLASS = YES_ERROR;
				CLANG_WARN_QUOTED_INCLUDE_IN_FRAMEWORK_HEADER = YES;
				CLANG_WARN_RANGE_LOOP_ANALYSIS = YES;
				CLANG_WARN_STRICT_PROTOTYPES = YES;
				CLANG_WARN_SUSPICIOUS_MOVE = YES;
				CLANG_WARN_UNGUARDED_AVAILABILITY = YES_AGGRESSIVE;
				CLANG_WARN_UNREACHABLE_CODE = YES;
				CLANG_WARN__DUPLICATE_METHOD_MATCH = YES;
				COPY_PHASE_STRIP = NO;
				DEBUG_INFORMATION_FORMAT = dwarf;
				ENABLE_STRICT_OBJC_MSGSEND = YES;
				ENABLE_TESTABILITY = YES;
				GCC_C_LANGUAGE_STANDARD = gnu11;
				GCC_DYNAMIC_NO_PIC = NO;
				GCC_NO_COMMON_BLOCKS = YES;
				GCC_OPTIMIZATION_LEVEL = 0;
				GCC_PREPROCESSOR_DEFINITIONS = (
					"DEBUG=1",
					"$(inherited)",
				);
				GCC_WARN_64_TO_32_BIT_CONVERSION = YES;
				GCC_WARN_ABOUT_RETURN_TYPE = YES_ERROR;
				GCC_WARN_UNDECLARED_SELECTOR = YES;
				GCC_WARN_UNINITIALIZED_AUTOS = YES_AGGRESSIVE;
				GCC_WARN_UNUSED_FUNCTION = YES;
				GCC_WARN_UNUSED_VARIABLE = YES;
				IPHONEOS_DEPLOYMENT_TARGET = 15.0;
				MTL_ENABLE_DEBUG_INFO = INCLUDE_SOURCE;
				MTL_FAST_MATH = YES;
				ONLY_ACTIVE_ARCH = YES;
				SDKROOT = iphoneos;
				SWIFT_ACTIVE_COMPILATION_CONDITIONS = DEBUG;
				SWIFT_OPTIMIZATION_LEVEL = "-Onone";
			};
			name = Debug;
		};
		F1EFF8852719CA3E00D5F654 /* Release */ = {
			isa = XCBuildConfiguration;
			buildSettings = {
				ALWAYS_SEARCH_USER_PATHS = NO;
				CLANG_ANALYZER_NONNULL = YES;
				CLANG_ANALYZER_NUMBER_OBJECT_CONVERSION = YES_AGGRESSIVE;
				CLANG_CXX_LANGUAGE_STANDARD = "gnu++17";
				CLANG_CXX_LIBRARY = "libc++";
				CLANG_ENABLE_MODULES = YES;
				CLANG_ENABLE_OBJC_ARC = YES;
				CLANG_ENABLE_OBJC_WEAK = YES;
				CLANG_WARN_BLOCK_CAPTURE_AUTORELEASING = YES;
				CLANG_WARN_BOOL_CONVERSION = YES;
				CLANG_WARN_COMMA = YES;
				CLANG_WARN_CONSTANT_CONVERSION = YES;
				CLANG_WARN_DEPRECATED_OBJC_IMPLEMENTATIONS = YES;
				CLANG_WARN_DIRECT_OBJC_ISA_USAGE = YES_ERROR;
				CLANG_WARN_DOCUMENTATION_COMMENTS = YES;
				CLANG_WARN_EMPTY_BODY = YES;
				CLANG_WARN_ENUM_CONVERSION = YES;
				CLANG_WARN_INFINITE_RECURSION = YES;
				CLANG_WARN_INT_CONVERSION = YES;
				CLANG_WARN_NON_LITERAL_NULL_CONVERSION = YES;
				CLANG_WARN_OBJC_IMPLICIT_RETAIN_SELF = YES;
				CLANG_WARN_OBJC_LITERAL_CONVERSION = YES;
				CLANG_WARN_OBJC_ROOT_CLASS = YES_ERROR;
				CLANG_WARN_QUOTED_INCLUDE_IN_FRAMEWORK_HEADER = YES;
				CLANG_WARN_RANGE_LOOP_ANALYSIS = YES;
				CLANG_WARN_STRICT_PROTOTYPES = YES;
				CLANG_WARN_SUSPICIOUS_MOVE = YES;
				CLANG_WARN_UNGUARDED_AVAILABILITY = YES_AGGRESSIVE;
				CLANG_WARN_UNREACHABLE_CODE = YES;
				CLANG_WARN__DUPLICATE_METHOD_MATCH = YES;
				COPY_PHASE_STRIP = NO;
				DEBUG_INFORMATION_FORMAT = "dwarf-with-dsym";
				ENABLE_NS_ASSERTIONS = NO;
				ENABLE_STRICT_OBJC_MSGSEND = YES;
				GCC_C_LANGUAGE_STANDARD = gnu11;
				GCC_NO_COMMON_BLOCKS = YES;
				GCC_WARN_64_TO_32_BIT_CONVERSION = YES;
				GCC_WARN_ABOUT_RETURN_TYPE = YES_ERROR;
				GCC_WARN_UNDECLARED_SELECTOR = YES;
				GCC_WARN_UNINITIALIZED_AUTOS = YES_AGGRESSIVE;
				GCC_WARN_UNUSED_FUNCTION = YES;
				GCC_WARN_UNUSED_VARIABLE = YES;
				IPHONEOS_DEPLOYMENT_TARGET = 15.0;
				MTL_ENABLE_DEBUG_INFO = NO;
				MTL_FAST_MATH = YES;
				SDKROOT = iphoneos;
				SWIFT_COMPILATION_MODE = wholemodule;
				SWIFT_OPTIMIZATION_LEVEL = "-O";
				VALIDATE_PRODUCT = YES;
			};
			name = Release;
		};
		F1EFF8872719CA3E00D5F654 /* Debug */ = {
			isa = XCBuildConfiguration;
			buildSettings = {
				ASSETCATALOG_COMPILER_APPICON_NAME = AppIcon;
				ASSETCATALOG_COMPILER_GLOBAL_ACCENT_COLOR_NAME = AccentColor;
				CODE_SIGN_STYLE = Automatic;
				CURRENT_PROJECT_VERSION = 1;
				GENERATE_INFOPLIST_FILE = YES;
				INFOPLIST_FILE = News/Info.plist;
				INFOPLIST_KEY_UIApplicationSupportsIndirectInputEvents = YES;
				INFOPLIST_KEY_UILaunchStoryboardName = LaunchScreen;
				INFOPLIST_KEY_UIMainStoryboardFile = Main;
				INFOPLIST_KEY_UISupportedInterfaceOrientations_iPad = "UIInterfaceOrientationPortrait UIInterfaceOrientationPortraitUpsideDown UIInterfaceOrientationLandscapeLeft UIInterfaceOrientationLandscapeRight";
				INFOPLIST_KEY_UISupportedInterfaceOrientations_iPhone = "UIInterfaceOrientationPortrait UIInterfaceOrientationLandscapeLeft UIInterfaceOrientationLandscapeRight";
				LD_RUNPATH_SEARCH_PATHS = (
					"$(inherited)",
					"@executable_path/Frameworks",
				);
				MARKETING_VERSION = 1.0;
				PRODUCT_BUNDLE_IDENTIFIER = com.hongfei.News;
				PRODUCT_NAME = "$(TARGET_NAME)";
				SWIFT_EMIT_LOC_STRINGS = YES;
				SWIFT_VERSION = 5.0;
				TARGETED_DEVICE_FAMILY = "1,2";
			};
			name = Debug;
		};
		F1EFF8882719CA3E00D5F654 /* Release */ = {
			isa = XCBuildConfiguration;
			buildSettings = {
				ASSETCATALOG_COMPILER_APPICON_NAME = AppIcon;
				ASSETCATALOG_COMPILER_GLOBAL_ACCENT_COLOR_NAME = AccentColor;
				CODE_SIGN_STYLE = Automatic;
				CURRENT_PROJECT_VERSION = 1;
				GENERATE_INFOPLIST_FILE = YES;
				INFOPLIST_FILE = News/Info.plist;
				INFOPLIST_KEY_UIApplicationSupportsIndirectInputEvents = YES;
				INFOPLIST_KEY_UILaunchStoryboardName = LaunchScreen;
				INFOPLIST_KEY_UIMainStoryboardFile = Main;
				INFOPLIST_KEY_UISupportedInterfaceOrientations_iPad = "UIInterfaceOrientationPortrait UIInterfaceOrientationPortraitUpsideDown UIInterfaceOrientationLandscapeLeft UIInterfaceOrientationLandscapeRight";
				INFOPLIST_KEY_UISupportedInterfaceOrientations_iPhone = "UIInterfaceOrientationPortrait UIInterfaceOrientationLandscapeLeft UIInterfaceOrientationLandscapeRight";
				LD_RUNPATH_SEARCH_PATHS = (
					"$(inherited)",
					"@executable_path/Frameworks",
				);
				MARKETING_VERSION = 1.0;
				PRODUCT_BUNDLE_IDENTIFIER = com.hongfei.News;
				PRODUCT_NAME = "$(TARGET_NAME)";
				SWIFT_EMIT_LOC_STRINGS = YES;
				SWIFT_VERSION = 5.0;
				TARGETED_DEVICE_FAMILY = "1,2";
			};
			name = Release;
		};
		F1EFF88A2719CA3E00D5F654 /* Debug */ = {
			isa = XCBuildConfiguration;
			buildSettings = {
				ALWAYS_EMBED_SWIFT_STANDARD_LIBRARIES = YES;
				BUNDLE_LOADER = "$(TEST_HOST)";
				CODE_SIGN_STYLE = Automatic;
				CURRENT_PROJECT_VERSION = 1;
				GENERATE_INFOPLIST_FILE = YES;
				IPHONEOS_DEPLOYMENT_TARGET = 15.0;
				LD_RUNPATH_SEARCH_PATHS = (
					"$(inherited)",
					"@executable_path/Frameworks",
					"@loader_path/Frameworks",
				);
				MARKETING_VERSION = 1.0;
				PRODUCT_BUNDLE_IDENTIFIER = com.hongfei.NewsTests;
				PRODUCT_NAME = "$(TARGET_NAME)";
				SWIFT_EMIT_LOC_STRINGS = NO;
				SWIFT_VERSION = 5.0;
				TARGETED_DEVICE_FAMILY = "1,2";
				TEST_HOST = "$(BUILT_PRODUCTS_DIR)/News.app/News";
			};
			name = Debug;
		};
		F1EFF88B2719CA3E00D5F654 /* Release */ = {
			isa = XCBuildConfiguration;
			buildSettings = {
				ALWAYS_EMBED_SWIFT_STANDARD_LIBRARIES = YES;
				BUNDLE_LOADER = "$(TEST_HOST)";
				CODE_SIGN_STYLE = Automatic;
				CURRENT_PROJECT_VERSION = 1;
				GENERATE_INFOPLIST_FILE = YES;
				IPHONEOS_DEPLOYMENT_TARGET = 15.0;
				LD_RUNPATH_SEARCH_PATHS = (
					"$(inherited)",
					"@executable_path/Frameworks",
					"@loader_path/Frameworks",
				);
				MARKETING_VERSION = 1.0;
				PRODUCT_BUNDLE_IDENTIFIER = com.hongfei.NewsTests;
				PRODUCT_NAME = "$(TARGET_NAME)";
				SWIFT_EMIT_LOC_STRINGS = NO;
				SWIFT_VERSION = 5.0;
				TARGETED_DEVICE_FAMILY = "1,2";
				TEST_HOST = "$(BUILT_PRODUCTS_DIR)/News.app/News";
			};
			name = Release;
		};
		F1EFF88D2719CA3E00D5F654 /* Debug */ = {
			isa = XCBuildConfiguration;
			buildSettings = {
				ALWAYS_EMBED_SWIFT_STANDARD_LIBRARIES = YES;
				CODE_SIGN_STYLE = Automatic;
				CURRENT_PROJECT_VERSION = 1;
				GENERATE_INFOPLIST_FILE = YES;
				LD_RUNPATH_SEARCH_PATHS = (
					"$(inherited)",
					"@executable_path/Frameworks",
					"@loader_path/Frameworks",
				);
				MARKETING_VERSION = 1.0;
				PRODUCT_BUNDLE_IDENTIFIER = com.hongfei.NewsUITests;
				PRODUCT_NAME = "$(TARGET_NAME)";
				SWIFT_EMIT_LOC_STRINGS = NO;
				SWIFT_VERSION = 5.0;
				TARGETED_DEVICE_FAMILY = "1,2";
				TEST_TARGET_NAME = News;
			};
			name = Debug;
		};
		F1EFF88E2719CA3E00D5F654 /* Release */ = {
			isa = XCBuildConfiguration;
			buildSettings = {
				ALWAYS_EMBED_SWIFT_STANDARD_LIBRARIES = YES;
				CODE_SIGN_STYLE = Automatic;
				CURRENT_PROJECT_VERSION = 1;
				GENERATE_INFOPLIST_FILE = YES;
				LD_RUNPATH_SEARCH_PATHS = (
					"$(inherited)",
					"@executable_path/Frameworks",
					"@loader_path/Frameworks",
				);
				MARKETING_VERSION = 1.0;
				PRODUCT_BUNDLE_IDENTIFIER = com.hongfei.NewsUITests;
				PRODUCT_NAME = "$(TARGET_NAME)";
				SWIFT_EMIT_LOC_STRINGS = NO;
				SWIFT_VERSION = 5.0;
				TARGETED_DEVICE_FAMILY = "1,2";
				TEST_TARGET_NAME = News;
			};
			name = Release;
		};
/* End XCBuildConfiguration section */

/* Begin XCConfigurationList section */
		F1EFF8542719CA3C00D5F654 /* Build configuration list for PBXProject "News" */ = {
			isa = XCConfigurationList;
			buildConfigurations = (
				F1EFF8842719CA3E00D5F654 /* Debug */,
				F1EFF8852719CA3E00D5F654 /* Release */,
			);
			defaultConfigurationIsVisible = 0;
			defaultConfigurationName = Release;
		};
		F1EFF8862719CA3E00D5F654 /* Build configuration list for PBXNativeTarget "News" */ = {
			isa = XCConfigurationList;
			buildConfigurations = (
				F1EFF8872719CA3E00D5F654 /* Debug */,
				F1EFF8882719CA3E00D5F654 /* Release */,
			);
			defaultConfigurationIsVisible = 0;
			defaultConfigurationName = Release;
		};
		F1EFF8892719CA3E00D5F654 /* Build configuration list for PBXNativeTarget "NewsTests" */ = {
			isa = XCConfigurationList;
			buildConfigurations = (
				F1EFF88A2719CA3E00D5F654 /* Debug */,
				F1EFF88B2719CA3E00D5F654 /* Release */,
			);
			defaultConfigurationIsVisible = 0;
			defaultConfigurationName = Release;
		};
		F1EFF88C2719CA3E00D5F654 /* Build configuration list for PBXNativeTarget "NewsUITests" */ = {
			isa = XCConfigurationList;
			buildConfigurations = (
				F1EFF88D2719CA3E00D5F654 /* Debug */,
				F1EFF88E2719CA3E00D5F654 /* Release */,
			);
			defaultConfigurationIsVisible = 0;
			defaultConfigurationName = Release;
		};
/* End XCConfigurationList section */

/* Begin XCVersionGroup section */
		F1EFF8652719CA3C00D5F654 /* News.xcdatamodeld */ = {
			isa = XCVersionGroup;
			children = (
				F1EFF8662719CA3C00D5F654 /* News.xcdatamodel */,
			);
			currentVersion = F1EFF8662719CA3C00D5F654 /* News.xcdatamodel */;
			path = News.xcdatamodeld;
			sourceTree = "<group>";
			versionGroupType = wrapper.xcdatamodel;
		};
/* End XCVersionGroup section */
	};
	rootObject = F1EFF8512719CA3C00D5F654 /* Project object */;
}
